
Microsoft Visual Studio Solution File, Format Version 12.00
# Visual Studio Version 16
VisualStudioVersion = 16.0.30204.135
MinimumVisualStudioVersion = 10.0.40219.1
Project("{FAE04EC0-301F-11D3-BF4B-00C04F79EFBC}") = "address-book-ggs-training", "address-book-ggs-training\address-book-ggs-training.csproj", "{C557DC03-8485-4D16-834D-049BB313DE98}"
EndProject
Global
	GlobalSection(SolutionConfigurationPlatforms) = preSolution
		Debug|Any CPU = Debug|Any CPU
		Release|Any CPU = Release|Any CPU
	EndGlobalSection
	GlobalSection(ProjectConfigurationPlatforms) = postSolution
		{C557DC03-8485-4D16-834D-049BB313DE98}.Debug|Any CPU.ActiveCfg = Debug|Any CPU
		{C557DC03-8485-4D16-834D-049BB313DE98}.Debug|Any CPU.Build.0 = Debug|Any CPU
		{C557DC03-8485-4D16-834D-049BB313DE98}.Release|Any CPU.ActiveCfg = Release|Any CPU
		{C557DC03-8485-4D16-834D-049BB313DE98}.Release|Any CPU.Build.0 = Release|Any CPU
	EndGlobalSection
	GlobalSection(SolutionProperties) = preSolution
		HideSolutionNode = FALSE
	EndGlobalSection
	GlobalSection(ExtensibilityGlobals) = postSolution
		SolutionGuid = {AFBDE423-4D64-4E63-AC52-20D34E524898}
	EndGlobalSection
EndGlobal
