
Microsoft Visual Studio Solution File, Format Version 12.00
# Visual Studio Version 16
VisualStudioVersion = 16.0.30204.135
MinimumVisualStudioVersion = 10.0.40219.1
Project("{FAE04EC0-301F-11D3-BF4B-00C04F79EFBC}") = "address-book-ggs-training", "address-book-ggs-training.csproj", "{68A99ECB-1C21-4BA9-8201-E47C11E72019}"
EndProject
Project("{FAE04EC0-301F-11D3-BF4B-00C04F79EFBC}") = "ef-samples", "..\ef-samples\ef-samples.csproj", "{F34F8AD2-C8B3-4E6B-BC19-682E75A889C4}"
EndProject
Project("{FAE04EC0-301F-11D3-BF4B-00C04F79EFBC}") = "mongo-db-driver-sample", "..\mongo-db-driver-sample\mongo-db-driver-sample.csproj", "{DDFF9FF8-B011-4A5A-B5AA-50C4F849FC62}"
EndProject
Project("{FAE04EC0-301F-11D3-BF4B-00C04F79EFBC}") = "aspnet-core-sample", "..\aspnet-core-sample\aspnet-core-sample.csproj", "{91BB3CEC-1237-4840-9BBE-A92C80480D28}"
EndProject
Global
	GlobalSection(SolutionConfigurationPlatforms) = preSolution
		Debug|Any CPU = Debug|Any CPU
		Release|Any CPU = Release|Any CPU
	EndGlobalSection
	GlobalSection(ProjectConfigurationPlatforms) = postSolution
		{68A99ECB-1C21-4BA9-8201-E47C11E72019}.Debug|Any CPU.ActiveCfg = Debug|Any CPU
		{68A99ECB-1C21-4BA9-8201-E47C11E72019}.Debug|Any CPU.Build.0 = Debug|Any CPU
		{68A99ECB-1C21-4BA9-8201-E47C11E72019}.Release|Any CPU.ActiveCfg = Release|Any CPU
		{68A99ECB-1C21-4BA9-8201-E47C11E72019}.Release|Any CPU.Build.0 = Release|Any CPU
		{F34F8AD2-C8B3-4E6B-BC19-682E75A889C4}.Debug|Any CPU.ActiveCfg = Debug|Any CPU
		{F34F8AD2-C8B3-4E6B-BC19-682E75A889C4}.Debug|Any CPU.Build.0 = Debug|Any CPU
		{F34F8AD2-C8B3-4E6B-BC19-682E75A889C4}.Release|Any CPU.ActiveCfg = Release|Any CPU
		{F34F8AD2-C8B3-4E6B-BC19-682E75A889C4}.Release|Any CPU.Build.0 = Release|Any CPU
		{DDFF9FF8-B011-4A5A-B5AA-50C4F849FC62}.Debug|Any CPU.ActiveCfg = Debug|Any CPU
		{DDFF9FF8-B011-4A5A-B5AA-50C4F849FC62}.Debug|Any CPU.Build.0 = Debug|Any CPU
		{DDFF9FF8-B011-4A5A-B5AA-50C4F849FC62}.Release|Any CPU.ActiveCfg = Release|Any CPU
		{DDFF9FF8-B011-4A5A-B5AA-50C4F849FC62}.Release|Any CPU.Build.0 = Release|Any CPU
		{91BB3CEC-1237-4840-9BBE-A92C80480D28}.Debug|Any CPU.ActiveCfg = Debug|Any CPU
		{91BB3CEC-1237-4840-9BBE-A92C80480D28}.Debug|Any CPU.Build.0 = Debug|Any CPU
		{91BB3CEC-1237-4840-9BBE-A92C80480D28}.Release|Any CPU.ActiveCfg = Release|Any CPU
		{91BB3CEC-1237-4840-9BBE-A92C80480D28}.Release|Any CPU.Build.0 = Release|Any CPU
	EndGlobalSection
	GlobalSection(SolutionProperties) = preSolution
		HideSolutionNode = FALSE
	EndGlobalSection
	GlobalSection(ExtensibilityGlobals) = postSolution
		SolutionGuid = {90D4A9FA-FD8A-44A4-A4E0-3FD89FD7B4A1}
	EndGlobalSection
EndGlobal
